
Microsoft Visual Studio Solution File, Format Version 12.00
# Visual Studio 15
Project("{FAE04EC0-301F-11D3-BF4B-00C04F79EFBC}") = "Opsive.UltimateCharacterController", "Opsive.UltimateCharacterController.csproj", "{31747740-12D5-6883-FF4F-9CECB13D38EE}"
EndProject
Project("{FAE04EC0-301F-11D3-BF4B-00C04F79EFBC}") = "Assembly-CSharp", "Assembly-CSharp.csproj", "{1D6F1C42-1768-AEFD-69B9-1E317EB4271D}"
EndProject
Project("{FAE04EC0-301F-11D3-BF4B-00C04F79EFBC}") = "Opsive.UltimateCharacterController.Demo", "Opsive.UltimateCharacterController.Demo.csproj", "{21E4E14C-11F2-499E-3F34-C3FFDAB07AA4}"
EndProject
Project("{FAE04EC0-301F-11D3-BF4B-00C04F79EFBC}") = "Opsive.Shared", "Opsive.Shared.csproj", "{C88BEE5F-47F1-289C-FB05-F2AB77505F4B}"
EndProject
Project("{FAE04EC0-301F-11D3-BF4B-00C04F79EFBC}") = "Opsive.UltimateCharacterController.Editor", "Opsive.UltimateCharacterController.Editor.csproj", "{34343907-03EA-6E8E-C97B-4E3701FFFA86}"
EndProject
Project("{FAE04EC0-301F-11D3-BF4B-00C04F79EFBC}") = "Opsive.UltimateCharacterController.Demo.Editor", "Opsive.UltimateCharacterController.Demo.Editor.csproj", "{9638A7F1-27DC-F86C-4A19-03ABF6F5C21B}"
EndProject
Project("{FAE04EC0-301F-11D3-BF4B-00C04F79EFBC}") = "Assembly-CSharp-Editor", "Assembly-CSharp-Editor.csproj", "{89F1A19E-6D2C-77AC-300F-3CC3B88D3D6B}"
EndProject
Project("{FAE04EC0-301F-11D3-BF4B-00C04F79EFBC}") = "Opsive.Shared.Editor", "Opsive.Shared.Editor.csproj", "{B7AC8E66-FC06-C33B-1FE7-DC4592E488EA}"
EndProject
Global
	GlobalSection(SolutionConfigurationPlatforms) = preSolution
		Debug|Any CPU = Debug|Any CPU
		Release|Any CPU = Release|Any CPU
	EndGlobalSection
	GlobalSection(ProjectConfigurationPlatforms) = postSolution
		{31747740-12D5-6883-FF4F-9CECB13D38EE}.Debug|Any CPU.ActiveCfg = Debug|Any CPU
		{31747740-12D5-6883-FF4F-9CECB13D38EE}.Debug|Any CPU.Build.0 = Debug|Any CPU
		{31747740-12D5-6883-FF4F-9CECB13D38EE}.Release|Any CPU.ActiveCfg = Release|Any CPU
		{31747740-12D5-6883-FF4F-9CECB13D38EE}.Release|Any CPU.Build.0 = Release|Any CPU
		{1D6F1C42-1768-AEFD-69B9-1E317EB4271D}.Debug|Any CPU.ActiveCfg = Debug|Any CPU
		{1D6F1C42-1768-AEFD-69B9-1E317EB4271D}.Debug|Any CPU.Build.0 = Debug|Any CPU
		{1D6F1C42-1768-AEFD-69B9-1E317EB4271D}.Release|Any CPU.ActiveCfg = Release|Any CPU
		{1D6F1C42-1768-AEFD-69B9-1E317EB4271D}.Release|Any CPU.Build.0 = Release|Any CPU
		{21E4E14C-11F2-499E-3F34-C3FFDAB07AA4}.Debug|Any CPU.ActiveCfg = Debug|Any CPU
		{21E4E14C-11F2-499E-3F34-C3FFDAB07AA4}.Debug|Any CPU.Build.0 = Debug|Any CPU
		{21E4E14C-11F2-499E-3F34-C3FFDAB07AA4}.Release|Any CPU.ActiveCfg = Release|Any CPU
		{21E4E14C-11F2-499E-3F34-C3FFDAB07AA4}.Release|Any CPU.Build.0 = Release|Any CPU
		{C88BEE5F-47F1-289C-FB05-F2AB77505F4B}.Debug|Any CPU.ActiveCfg = Debug|Any CPU
		{C88BEE5F-47F1-289C-FB05-F2AB77505F4B}.Debug|Any CPU.Build.0 = Debug|Any CPU
		{C88BEE5F-47F1-289C-FB05-F2AB77505F4B}.Release|Any CPU.ActiveCfg = Release|Any CPU
		{C88BEE5F-47F1-289C-FB05-F2AB77505F4B}.Release|Any CPU.Build.0 = Release|Any CPU
		{34343907-03EA-6E8E-C97B-4E3701FFFA86}.Debug|Any CPU.ActiveCfg = Debug|Any CPU
		{34343907-03EA-6E8E-C97B-4E3701FFFA86}.Debug|Any CPU.Build.0 = Debug|Any CPU
		{34343907-03EA-6E8E-C97B-4E3701FFFA86}.Release|Any CPU.ActiveCfg = Release|Any CPU
		{34343907-03EA-6E8E-C97B-4E3701FFFA86}.Release|Any CPU.Build.0 = Release|Any CPU
		{9638A7F1-27DC-F86C-4A19-03ABF6F5C21B}.Debug|Any CPU.ActiveCfg = Debug|Any CPU
		{9638A7F1-27DC-F86C-4A19-03ABF6F5C21B}.Debug|Any CPU.Build.0 = Debug|Any CPU
		{9638A7F1-27DC-F86C-4A19-03ABF6F5C21B}.Release|Any CPU.ActiveCfg = Release|Any CPU
		{9638A7F1-27DC-F86C-4A19-03ABF6F5C21B}.Release|Any CPU.Build.0 = Release|Any CPU
		{89F1A19E-6D2C-77AC-300F-3CC3B88D3D6B}.Debug|Any CPU.ActiveCfg = Debug|Any CPU
		{89F1A19E-6D2C-77AC-300F-3CC3B88D3D6B}.Debug|Any CPU.Build.0 = Debug|Any CPU
		{89F1A19E-6D2C-77AC-300F-3CC3B88D3D6B}.Release|Any CPU.ActiveCfg = Release|Any CPU
		{89F1A19E-6D2C-77AC-300F-3CC3B88D3D6B}.Release|Any CPU.Build.0 = Release|Any CPU
		{B7AC8E66-FC06-C33B-1FE7-DC4592E488EA}.Debug|Any CPU.ActiveCfg = Debug|Any CPU
		{B7AC8E66-FC06-C33B-1FE7-DC4592E488EA}.Debug|Any CPU.Build.0 = Debug|Any CPU
		{B7AC8E66-FC06-C33B-1FE7-DC4592E488EA}.Release|Any CPU.ActiveCfg = Release|Any CPU
		{B7AC8E66-FC06-C33B-1FE7-DC4592E488EA}.Release|Any CPU.Build.0 = Release|Any CPU
	EndGlobalSection
	GlobalSection(SolutionProperties) = preSolution
		HideSolutionNode = FALSE
	EndGlobalSection
EndGlobal
